// !$*UTF8*$!
{
	archiveVersion = 1;
	classes = {
	};
	objectVersion = 46;
	objects = {

/* Begin PBXBuildFile section */
		26ADB91519D323FA005169A9 /* Character.m in Sources */ = {isa = PBXBuildFile; fileRef = 26ADB91419D323FA005169A9 /* Character.m */; };
		26ADB91819D32408005169A9 /* Weapon.m in Sources */ = {isa = PBXBuildFile; fileRef = 26ADB91719D32408005169A9 /* Weapon.m */; };
		26ADB91B19D32419005169A9 /* Armor.m in Sources */ = {isa = PBXBuildFile; fileRef = 26ADB91A19D32419005169A9 /* Armor.m */; };
		26ADB91E19D32544005169A9 /* Tile.m in Sources */ = {isa = PBXBuildFile; fileRef = 26ADB91D19D32544005169A9 /* Tile.m */; };
		26ADB92119D3268C005169A9 /* Map.m in Sources */ = {isa = PBXBuildFile; fileRef = 26ADB92019D3268C005169A9 /* Map.m */; };
		26F734AC19D1934B008281DD /* main.m in Sources */ = {isa = PBXBuildFile; fileRef = 26F734AB19D1934B008281DD /* main.m */; };
		26F734AF19D1934B008281DD /* AppDelegate.m in Sources */ = {isa = PBXBuildFile; fileRef = 26F734AE19D1934B008281DD /* AppDelegate.m */; };
		26F734B219D1934B008281DD /* ViewController.m in Sources */ = {isa = PBXBuildFile; fileRef = 26F734B119D1934B008281DD /* ViewController.m */; };
		26F734B519D1934B008281DD /* Main.storyboard in Resources */ = {isa = PBXBuildFile; fileRef = 26F734B319D1934B008281DD /* Main.storyboard */; };
		26F734B719D1934B008281DD /* Images.xcassets in Resources */ = {isa = PBXBuildFile; fileRef = 26F734B619D1934B008281DD /* Images.xcassets */; };
		26F734BA19D1934B008281DD /* LaunchScreen.xib in Resources */ = {isa = PBXBuildFile; fileRef = 26F734B819D1934B008281DD /* LaunchScreen.xib */; };
		26F734C619D1934B008281DD /* Pirate_AdventureTests.m in Sources */ = {isa = PBXBuildFile; fileRef = 26F734C519D1934B008281DD /* Pirate_AdventureTests.m */; };
		26F734DB19D1949D008281DD /* PirateAttack.jpg in Resources */ = {isa = PBXBuildFile; fileRef = 26F734CF19D1949D008281DD /* PirateAttack.jpg */; };
		26F734DC19D1949D008281DD /* PirateBlacksmith.jpeg in Resources */ = {isa = PBXBuildFile; fileRef = 26F734D019D1949D008281DD /* PirateBlacksmith.jpeg */; };
		26F734DD19D1949D008281DD /* PirateBoss.jpeg in Resources */ = {isa = PBXBuildFile; fileRef = 26F734D119D1949D008281DD /* PirateBoss.jpeg */; };
		26F734DE19D1949D008281DD /* PirateFriendlyDock.jpg in Resources */ = {isa = PBXBuildFile; fileRef = 26F734D219D1949D008281DD /* PirateFriendlyDock.jpg */; };
		26F734DF19D1949D008281DD /* PirateOctopusAttack.jpg in Resources */ = {isa = PBXBuildFile; fileRef = 26F734D319D1949D008281DD /* PirateOctopusAttack.jpg */; };
		26F734E019D1949D008281DD /* PirateParrot.jpg in Resources */ = {isa = PBXBuildFile; fileRef = 26F734D419D1949D008281DD /* PirateParrot.jpg */; };
		26F734E119D1949D008281DD /* PiratePlank.jpg in Resources */ = {isa = PBXBuildFile; fileRef = 26F734D519D1949D008281DD /* PiratePlank.jpg */; };
		26F734E219D1949D008281DD /* PirateShipBattle.jpeg in Resources */ = {isa = PBXBuildFile; fileRef = 26F734D619D1949D008281DD /* PirateShipBattle.jpeg */; };
		26F734E319D1949D008281DD /* PirateStart.jpg in Resources */ = {isa = PBXBuildFile; fileRef = 26F734D719D1949D008281DD /* PirateStart.jpg */; };
		26F734E419D1949D008281DD /* PirateTreasure.jpeg in Resources */ = {isa = PBXBuildFile; fileRef = 26F734D819D1949D008281DD /* PirateTreasure.jpeg */; };
		26F734E519D1949D008281DD /* PirateTreasurer2.jpeg in Resources */ = {isa = PBXBuildFile; fileRef = 26F734D919D1949D008281DD /* PirateTreasurer2.jpeg */; };
		26F734E619D1949D008281DD /* PirateWeapons.jpeg in Resources */ = {isa = PBXBuildFile; fileRef = 26F734DA19D1949D008281DD /* PirateWeapons.jpeg */; };
/* End PBXBuildFile section */

/* Begin PBXContainerItemProxy section */
		26F734C019D1934B008281DD /* PBXContainerItemProxy */ = {
			isa = PBXContainerItemProxy;
			containerPortal = 26F7349E19D1934B008281DD /* Project object */;
			proxyType = 1;
			remoteGlobalIDString = 26F734A519D1934B008281DD;
			remoteInfo = "Pirate Adventure";
		};
/* End PBXContainerItemProxy section */

/* Begin PBXFileReference section */
		26ADB91319D323FA005169A9 /* Character.h */ = {isa = PBXFileReference; fileEncoding = 4; lastKnownFileType = sourcecode.c.h; path = Character.h; sourceTree = "<group>"; };
		26ADB91419D323FA005169A9 /* Character.m */ = {isa = PBXFileReference; fileEncoding = 4; lastKnownFileType = sourcecode.c.objc; path = Character.m; sourceTree = "<group>"; };
		26ADB91619D32408005169A9 /* Weapon.h */ = {isa = PBXFileReference; fileEncoding = 4; lastKnownFileType = sourcecode.c.h; path = Weapon.h; sourceTree = "<group>"; };
		26ADB91719D32408005169A9 /* Weapon.m */ = {isa = PBXFileReference; fileEncoding = 4; lastKnownFileType = sourcecode.c.objc; path = Weapon.m; sourceTree = "<group>"; };
		26ADB91919D32419005169A9 /* Armor.h */ = {isa = PBXFileReference; fileEncoding = 4; lastKnownFileType = sourcecode.c.h; path = Armor.h; sourceTree = "<group>"; };
		26ADB91A19D32419005169A9 /* Armor.m */ = {isa = PBXFileReference; fileEncoding = 4; lastKnownFileType = sourcecode.c.objc; path = Armor.m; sourceTree = "<group>"; };
		26ADB91C19D32544005169A9 /* Tile.h */ = {isa = PBXFileReference; fileEncoding = 4; lastKnownFileType = sourcecode.c.h; path = Tile.h; sourceTree = "<group>"; };
		26ADB91D19D32544005169A9 /* Tile.m */ = {isa = PBXFileReference; fileEncoding = 4; lastKnownFileType = sourcecode.c.objc; path = Tile.m; sourceTree = "<group>"; };
		26ADB91F19D3268C005169A9 /* Map.h */ = {isa = PBXFileReference; fileEncoding = 4; lastKnownFileType = sourcecode.c.h; path = Map.h; sourceTree = "<group>"; };
		26ADB92019D3268C005169A9 /* Map.m */ = {isa = PBXFileReference; fileEncoding = 4; lastKnownFileType = sourcecode.c.objc; path = Map.m; sourceTree = "<group>"; };
		26F734A619D1934B008281DD /* Pirate Adventure.app */ = {isa = PBXFileReference; explicitFileType = wrapper.application; includeInIndex = 0; path = "Pirate Adventure.app"; sourceTree = BUILT_PRODUCTS_DIR; };
		26F734AA19D1934B008281DD /* Info.plist */ = {isa = PBXFileReference; lastKnownFileType = text.plist.xml; path = Info.plist; sourceTree = "<group>"; };
		26F734AB19D1934B008281DD /* main.m */ = {isa = PBXFileReference; lastKnownFileType = sourcecode.c.objc; path = main.m; sourceTree = "<group>"; };
		26F734AD19D1934B008281DD /* AppDelegate.h */ = {isa = PBXFileReference; lastKnownFileType = sourcecode.c.h; path = AppDelegate.h; sourceTree = "<group>"; };
		26F734AE19D1934B008281DD /* AppDelegate.m */ = {isa = PBXFileReference; lastKnownFileType = sourcecode.c.objc; path = AppDelegate.m; sourceTree = "<group>"; };
		26F734B019D1934B008281DD /* ViewController.h */ = {isa = PBXFileReference; lastKnownFileType = sourcecode.c.h; path = ViewController.h; sourceTree = "<group>"; };
		26F734B119D1934B008281DD /* ViewController.m */ = {isa = PBXFileReference; lastKnownFileType = sourcecode.c.objc; path = ViewController.m; sourceTree = "<group>"; };
		26F734B419D1934B008281DD /* Base */ = {isa = PBXFileReference; lastKnownFileType = file.storyboard; name = Base; path = Base.lproj/Main.storyboard; sourceTree = "<group>"; };
		26F734B619D1934B008281DD /* Images.xcassets */ = {isa = PBXFileReference; lastKnownFileType = folder.assetcatalog; path = Images.xcassets; sourceTree = "<group>"; };
		26F734B919D1934B008281DD /* Base */ = {isa = PBXFileReference; lastKnownFileType = file.xib; name = Base; path = Base.lproj/LaunchScreen.xib; sourceTree = "<group>"; };
		26F734BF19D1934B008281DD /* Pirate AdventureTests.xctest */ = {isa = PBXFileReference; explicitFileType = wrapper.cfbundle; includeInIndex = 0; path = "Pirate AdventureTests.xctest"; sourceTree = BUILT_PRODUCTS_DIR; };
		26F734C419D1934B008281DD /* Info.plist */ = {isa = PBXFileReference; lastKnownFileType = text.plist.xml; path = Info.plist; sourceTree = "<group>"; };
		26F734C519D1934B008281DD /* Pirate_AdventureTests.m */ = {isa = PBXFileReference; lastKnownFileType = sourcecode.c.objc; path = Pirate_AdventureTests.m; sourceTree = "<group>"; };
		26F734CF19D1949D008281DD /* PirateAttack.jpg */ = {isa = PBXFileReference; lastKnownFileType = image.jpeg; path = PirateAttack.jpg; sourceTree = "<group>"; };
		26F734D019D1949D008281DD /* PirateBlacksmith.jpeg */ = {isa = PBXFileReference; lastKnownFileType = image.jpeg; path = PirateBlacksmith.jpeg; sourceTree = "<group>"; };
		26F734D119D1949D008281DD /* PirateBoss.jpeg */ = {isa = PBXFileReference; lastKnownFileType = image.jpeg; path = PirateBoss.jpeg; sourceTree = "<group>"; };
		26F734D219D1949D008281DD /* PirateFriendlyDock.jpg */ = {isa = PBXFileReference; lastKnownFileType = image.jpeg; path = PirateFriendlyDock.jpg; sourceTree = "<group>"; };
		26F734D319D1949D008281DD /* PirateOctopusAttack.jpg */ = {isa = PBXFileReference; lastKnownFileType = image.jpeg; path = PirateOctopusAttack.jpg; sourceTree = "<group>"; };
		26F734D419D1949D008281DD /* PirateParrot.jpg */ = {isa = PBXFileReference; lastKnownFileType = image.jpeg; path = PirateParrot.jpg; sourceTree = "<group>"; };
		26F734D519D1949D008281DD /* PiratePlank.jpg */ = {isa = PBXFileReference; lastKnownFileType = image.jpeg; path = PiratePlank.jpg; sourceTree = "<group>"; };
		26F734D619D1949D008281DD /* PirateShipBattle.jpeg */ = {isa = PBXFileReference; lastKnownFileType = image.jpeg; path = PirateShipBattle.jpeg; sourceTree = "<group>"; };
		26F734D719D1949D008281DD /* PirateStart.jpg */ = {isa = PBXFileReference; lastKnownFileType = image.jpeg; path = PirateStart.jpg; sourceTree = "<group>"; };
		26F734D819D1949D008281DD /* PirateTreasure.jpeg */ = {isa = PBXFileReference; lastKnownFileType = image.jpeg; path = PirateTreasure.jpeg; sourceTree = "<group>"; };
		26F734D919D1949D008281DD /* PirateTreasurer2.jpeg */ = {isa = PBXFileReference; lastKnownFileType = image.jpeg; path = PirateTreasurer2.jpeg; sourceTree = "<group>"; };
		26F734DA19D1949D008281DD /* PirateWeapons.jpeg */ = {isa = PBXFileReference; lastKnownFileType = image.jpeg; path = PirateWeapons.jpeg; sourceTree = "<group>"; };
/* End PBXFileReference section */

/* Begin PBXFrameworksBuildPhase section */
		26F734A319D1934B008281DD /* Frameworks */ = {
			isa = PBXFrameworksBuildPhase;
			buildActionMask = 2147483647;
			files = (
			);
			runOnlyForDeploymentPostprocessing = 0;
		};
		26F734BC19D1934B008281DD /* Frameworks */ = {
			isa = PBXFrameworksBuildPhase;
			buildActionMask = 2147483647;
			files = (
			);
			runOnlyForDeploymentPostprocessing = 0;
		};
/* End PBXFrameworksBuildPhase section */

/* Begin PBXGroup section */
		26F7349D19D1934B008281DD = {
			isa = PBXGroup;
			children = (
				26F734A819D1934B008281DD /* Pirate Adventure */,
				26F734C219D1934B008281DD /* Pirate AdventureTests */,
				26F734A719D1934B008281DD /* Products */,
			);
			sourceTree = "<group>";
		};
		26F734A719D1934B008281DD /* Products */ = {
			isa = PBXGroup;
			children = (
				26F734A619D1934B008281DD /* Pirate Adventure.app */,
				26F734BF19D1934B008281DD /* Pirate AdventureTests.xctest */,
			);
			name = Products;
			sourceTree = "<group>";
		};
		26F734A819D1934B008281DD /* Pirate Adventure */ = {
			isa = PBXGroup;
			children = (
				26F734AD19D1934B008281DD /* AppDelegate.h */,
				26F734AE19D1934B008281DD /* AppDelegate.m */,
				26F734B019D1934B008281DD /* ViewController.h */,
				26ADB91319D323FA005169A9 /* Character.h */,
				26ADB91419D323FA005169A9 /* Character.m */,
				26ADB91619D32408005169A9 /* Weapon.h */,
				26ADB91719D32408005169A9 /* Weapon.m */,
				26ADB91919D32419005169A9 /* Armor.h */,
				26ADB91C19D32544005169A9 /* Tile.h */,
				26ADB91F19D3268C005169A9 /* Map.h */,
				26ADB92019D3268C005169A9 /* Map.m */,
				26ADB91D19D32544005169A9 /* Tile.m */,
				26ADB91A19D32419005169A9 /* Armor.m */,
				26F734B119D1934B008281DD /* ViewController.m */,
				26F734B319D1934B008281DD /* Main.storyboard */,
				26F734B619D1934B008281DD /* Images.xcassets */,
				26F734B819D1934B008281DD /* LaunchScreen.xib */,
				26F734A919D1934B008281DD /* Supporting Files */,
			);
			path = "Pirate Adventure";
			sourceTree = "<group>";
		};
		26F734A919D1934B008281DD /* Supporting Files */ = {
			isa = PBXGroup;
			children = (
				26F734CF19D1949D008281DD /* PirateAttack.jpg */,
				26F734D019D1949D008281DD /* PirateBlacksmith.jpeg */,
				26F734D119D1949D008281DD /* PirateBoss.jpeg */,
				26F734D219D1949D008281DD /* PirateFriendlyDock.jpg */,
				26F734D319D1949D008281DD /* PirateOctopusAttack.jpg */,
				26F734D419D1949D008281DD /* PirateParrot.jpg */,
				26F734D519D1949D008281DD /* PiratePlank.jpg */,
				26F734D619D1949D008281DD /* PirateShipBattle.jpeg */,
				26F734D719D1949D008281DD /* PirateStart.jpg */,
				26F734D819D1949D008281DD /* PirateTreasure.jpeg */,
				26F734D919D1949D008281DD /* PirateTreasurer2.jpeg */,
				26F734DA19D1949D008281DD /* PirateWeapons.jpeg */,
				26F734AA19D1934B008281DD /* Info.plist */,
				26F734AB19D1934B008281DD /* main.m */,
			);
			name = "Supporting Files";
			sourceTree = "<group>";
		};
		26F734C219D1934B008281DD /* Pirate AdventureTests */ = {
			isa = PBXGroup;
			children = (
				26F734C519D1934B008281DD /* Pirate_AdventureTests.m */,
				26F734C319D1934B008281DD /* Supporting Files */,
			);
			path = "Pirate AdventureTests";
			sourceTree = "<group>";
		};
		26F734C319D1934B008281DD /* Supporting Files */ = {
			isa = PBXGroup;
			children = (
				26F734C419D1934B008281DD /* Info.plist */,
			);
			name = "Supporting Files";
			sourceTree = "<group>";
		};
/* End PBXGroup section */

/* Begin PBXNativeTarget section */
		26F734A519D1934B008281DD /* Pirate Adventure */ = {
			isa = PBXNativeTarget;
			buildConfigurationList = 26F734C919D1934B008281DD /* Build configuration list for PBXNativeTarget "Pirate Adventure" */;
			buildPhases = (
				26F734A219D1934B008281DD /* Sources */,
				26F734A319D1934B008281DD /* Frameworks */,
				26F734A419D1934B008281DD /* Resources */,
			);
			buildRules = (
			);
			dependencies = (
			);
			name = "Pirate Adventure";
			productName = "Pirate Adventure";
			productReference = 26F734A619D1934B008281DD /* Pirate Adventure.app */;
			productType = "com.apple.product-type.application";
		};
		26F734BE19D1934B008281DD /* Pirate AdventureTests */ = {
			isa = PBXNativeTarget;
			buildConfigurationList = 26F734CC19D1934B008281DD /* Build configuration list for PBXNativeTarget "Pirate AdventureTests" */;
			buildPhases = (
				26F734BB19D1934B008281DD /* Sources */,
				26F734BC19D1934B008281DD /* Frameworks */,
				26F734BD19D1934B008281DD /* Resources */,
			);
			buildRules = (
			);
			dependencies = (
				26F734C119D1934B008281DD /* PBXTargetDependency */,
			);
			name = "Pirate AdventureTests";
			productName = "Pirate AdventureTests";
			productReference = 26F734BF19D1934B008281DD /* Pirate AdventureTests.xctest */;
			productType = "com.apple.product-type.bundle.unit-test";
		};
/* End PBXNativeTarget section */

/* Begin PBXProject section */
		26F7349E19D1934B008281DD /* Project object */ = {
			isa = PBXProject;
			attributes = {
				LastUpgradeCheck = 0600;
				ORGANIZATIONNAME = sandric;
				TargetAttributes = {
					26F734A519D1934B008281DD = {
						CreatedOnToolsVersion = 6.0.1;
					};
					26F734BE19D1934B008281DD = {
						CreatedOnToolsVersion = 6.0.1;
						TestTargetID = 26F734A519D1934B008281DD;
					};
				};
			};
			buildConfigurationList = 26F734A119D1934B008281DD /* Build configuration list for PBXProject "Pirate Adventure" */;
			compatibilityVersion = "Xcode 3.2";
			developmentRegion = English;
			hasScannedForEncodings = 0;
			knownRegions = (
				en,
				Base,
			);
			mainGroup = 26F7349D19D1934B008281DD;
			productRefGroup = 26F734A719D1934B008281DD /* Products */;
			projectDirPath = "";
			projectRoot = "";
			targets = (
				26F734A519D1934B008281DD /* Pirate Adventure */,
				26F734BE19D1934B008281DD /* Pirate AdventureTests */,
			);
		};
/* End PBXProject section */

/* Begin PBXResourcesBuildPhase section */
		26F734A419D1934B008281DD /* Resources */ = {
			isa = PBXResourcesBuildPhase;
			buildActionMask = 2147483647;
			files = (
				26F734DF19D1949D008281DD /* PirateOctopusAttack.jpg in Resources */,
				26F734E619D1949D008281DD /* PirateWeapons.jpeg in Resources */,
				26F734E119D1949D008281DD /* PiratePlank.jpg in Resources */,
				26F734E419D1949D008281DD /* PirateTreasure.jpeg in Resources */,
				26F734DE19D1949D008281DD /* PirateFriendlyDock.jpg in Resources */,
				26F734DB19D1949D008281DD /* PirateAttack.jpg in Resources */,
				26F734B519D1934B008281DD /* Main.storyboard in Resources */,
				26F734BA19D1934B008281DD /* LaunchScreen.xib in Resources */,
				26F734B719D1934B008281DD /* Images.xcassets in Resources */,
				26F734E219D1949D008281DD /* PirateShipBattle.jpeg in Resources */,
				26F734E519D1949D008281DD /* PirateTreasurer2.jpeg in Resources */,
				26F734DC19D1949D008281DD /* PirateBlacksmith.jpeg in Resources */,
				26F734E319D1949D008281DD /* PirateStart.jpg in Resources */,
				26F734DD19D1949D008281DD /* PirateBoss.jpeg in Resources */,
				26F734E019D1949D008281DD /* PirateParrot.jpg in Resources */,
			);
			runOnlyForDeploymentPostprocessing = 0;
		};
		26F734BD19D1934B008281DD /* Resources */ = {
			isa = PBXResourcesBuildPhase;
			buildActionMask = 2147483647;
			files = (
			);
			runOnlyForDeploymentPostprocessing = 0;
		};
/* End PBXResourcesBuildPhase section */

/* Begin PBXSourcesBuildPhase section */
		26F734A219D1934B008281DD /* Sources */ = {
			isa = PBXSourcesBuildPhase;
			buildActionMask = 2147483647;
			files = (
				26F734B219D1934B008281DD /* ViewController.m in Sources */,
				26F734AF19D1934B008281DD /* AppDelegate.m in Sources */,
				26ADB91819D32408005169A9 /* Weapon.m in Sources */,
				26ADB91B19D32419005169A9 /* Armor.m in Sources */,
				26F734AC19D1934B008281DD /* main.m in Sources */,
				26ADB91E19D32544005169A9 /* Tile.m in Sources */,
				26ADB92119D3268C005169A9 /* Map.m in Sources */,
				26ADB91519D323FA005169A9 /* Character.m in Sources */,
			);
			runOnlyForDeploymentPostprocessing = 0;
		};
		26F734BB19D1934B008281DD /* Sources */ = {
			isa = PBXSourcesBuildPhase;
			buildActionMask = 2147483647;
			files = (
				26F734C619D1934B008281DD /* Pirate_AdventureTests.m in Sources */,
			);
			runOnlyForDeploymentPostprocessing = 0;
		};
/* End PBXSourcesBuildPhase section */

/* Begin PBXTargetDependency section */
		26F734C119D1934B008281DD /* PBXTargetDependency */ = {
			isa = PBXTargetDependency;
			target = 26F734A519D1934B008281DD /* Pirate Adventure */;
			targetProxy = 26F734C019D1934B008281DD /* PBXContainerItemProxy */;
		};
/* End PBXTargetDependency section */

/* Begin PBXVariantGroup section */
		26F734B319D1934B008281DD /* Main.storyboard */ = {
			isa = PBXVariantGroup;
			children = (
				26F734B419D1934B008281DD /* Base */,
			);
			name = Main.storyboard;
			sourceTree = "<group>";
		};
		26F734B819D1934B008281DD /* LaunchScreen.xib */ = {
			isa = PBXVariantGroup;
			children = (
				26F734B919D1934B008281DD /* Base */,
			);
			name = LaunchScreen.xib;
			sourceTree = "<group>";
		};
/* End PBXVariantGroup section */

/* Begin XCBuildConfiguration section */
		26F734C719D1934B008281DD /* Debug */ = {
			isa = XCBuildConfiguration;
			buildSettings = {
				ALWAYS_SEARCH_USER_PATHS = NO;
				CLANG_CXX_LANGUAGE_STANDARD = "gnu++0x";
				CLANG_CXX_LIBRARY = "libc++";
				CLANG_ENABLE_MODULES = YES;
				CLANG_ENABLE_OBJC_ARC = YES;
				CLANG_WARN_BOOL_CONVERSION = YES;
				CLANG_WARN_CONSTANT_CONVERSION = YES;
				CLANG_WARN_DIRECT_OBJC_ISA_USAGE = YES_ERROR;
				CLANG_WARN_EMPTY_BODY = YES;
				CLANG_WARN_ENUM_CONVERSION = YES;
				CLANG_WARN_INT_CONVERSION = YES;
				CLANG_WARN_OBJC_ROOT_CLASS = YES_ERROR;
				CLANG_WARN_UNREACHABLE_CODE = YES;
				CLANG_WARN__DUPLICATE_METHOD_MATCH = YES;
				"CODE_SIGN_IDENTITY[sdk=iphoneos*]" = "iPhone Developer";
				COPY_PHASE_STRIP = NO;
				ENABLE_STRICT_OBJC_MSGSEND = YES;
				GCC_C_LANGUAGE_STANDARD = gnu99;
				GCC_DYNAMIC_NO_PIC = NO;
				GCC_OPTIMIZATION_LEVEL = 0;
				GCC_PREPROCESSOR_DEFINITIONS = (
					"DEBUG=1",
					"$(inherited)",
				);
				GCC_SYMBOLS_PRIVATE_EXTERN = NO;
				GCC_WARN_64_TO_32_BIT_CONVERSION = YES;
				GCC_WARN_ABOUT_RETURN_TYPE = YES_ERROR;
				GCC_WARN_UNDECLARED_SELECTOR = YES;
				GCC_WARN_UNINITIALIZED_AUTOS = YES_AGGRESSIVE;
				GCC_WARN_UNUSED_FUNCTION = YES;
				GCC_WARN_UNUSED_VARIABLE = YES;
				IPHONEOS_DEPLOYMENT_TARGET = 8.0;
				MTL_ENABLE_DEBUG_INFO = YES;
				ONLY_ACTIVE_ARCH = YES;
				SDKROOT = iphoneos;
			};
			name = Debug;
		};
		26F734C819D1934B008281DD /* Release */ = {
			isa = XCBuildConfiguration;
			buildSettings = {
				ALWAYS_SEARCH_USER_PATHS = NO;
				CLANG_CXX_LANGUAGE_STANDARD = "gnu++0x";
				CLANG_CXX_LIBRARY = "libc++";
				CLANG_ENABLE_MODULES = YES;
				CLANG_ENABLE_OBJC_ARC = YES;
				CLANG_WARN_BOOL_CONVERSION = YES;
				CLANG_WARN_CONSTANT_CONVERSION = YES;
				CLANG_WARN_DIRECT_OBJC_ISA_USAGE = YES_ERROR;
				CLANG_WARN_EMPTY_BODY = YES;
				CLANG_WARN_ENUM_CONVERSION = YES;
				CLANG_WARN_INT_CONVERSION = YES;
				CLANG_WARN_OBJC_ROOT_CLASS = YES_ERROR;
				CLANG_WARN_UNREACHABLE_CODE = YES;
				CLANG_WARN__DUPLICATE_METHOD_MATCH = YES;
				"CODE_SIGN_IDENTITY[sdk=iphoneos*]" = "iPhone Developer";
				COPY_PHASE_STRIP = YES;
				ENABLE_NS_ASSERTIONS = NO;
				ENABLE_STRICT_OBJC_MSGSEND = YES;
				GCC_C_LANGUAGE_STANDARD = gnu99;
				GCC_WARN_64_TO_32_BIT_CONVERSION = YES;
				GCC_WARN_ABOUT_RETURN_TYPE = YES_ERROR;
				GCC_WARN_UNDECLARED_SELECTOR = YES;
				GCC_WARN_UNINITIALIZED_AUTOS = YES_AGGRESSIVE;
				GCC_WARN_UNUSED_FUNCTION = YES;
				GCC_WARN_UNUSED_VARIABLE = YES;
				IPHONEOS_DEPLOYMENT_TARGET = 8.0;
				MTL_ENABLE_DEBUG_INFO = NO;
				SDKROOT = iphoneos;
				VALIDATE_PRODUCT = YES;
			};
			name = Release;
		};
		26F734CA19D1934B008281DD /* Debug */ = {
			isa = XCBuildConfiguration;
			buildSettings = {
				ASSETCATALOG_COMPILER_APPICON_NAME = AppIcon;
				INFOPLIST_FILE = "Pirate Adventure/Info.plist";
				LD_RUNPATH_SEARCH_PATHS = "$(inherited) @executable_path/Frameworks";
				PRODUCT_NAME = "$(TARGET_NAME)";
			};
			name = Debug;
		};
		26F734CB19D1934B008281DD /* Release */ = {
			isa = XCBuildConfiguration;
			buildSettings = {
				ASSETCATALOG_COMPILER_APPICON_NAME = AppIcon;
				INFOPLIST_FILE = "Pirate Adventure/Info.plist";
				LD_RUNPATH_SEARCH_PATHS = "$(inherited) @executable_path/Frameworks";
				PRODUCT_NAME = "$(TARGET_NAME)";
			};
			name = Release;
		};
		26F734CD19D1934B008281DD /* Debug */ = {
			isa = XCBuildConfiguration;
			buildSettings = {
				BUNDLE_LOADER = "$(TEST_HOST)";
				FRAMEWORK_SEARCH_PATHS = (
					"$(SDKROOT)/Developer/Library/Frameworks",
					"$(inherited)",
				);
				GCC_PREPROCESSOR_DEFINITIONS = (
					"DEBUG=1",
					"$(inherited)",
				);
				INFOPLIST_FILE = "Pirate AdventureTests/Info.plist";
				LD_RUNPATH_SEARCH_PATHS = "$(inherited) @executable_path/Frameworks @loader_path/Frameworks";
				PRODUCT_NAME = "$(TARGET_NAME)";
				TEST_HOST = "$(BUILT_PRODUCTS_DIR)/Pirate Adventure.app/Pirate Adventure";
			};
			name = Debug;
		};
		26F734CE19D1934B008281DD /* Release */ = {
			isa = XCBuildConfiguration;
			buildSettings = {
				BUNDLE_LOADER = "$(TEST_HOST)";
				FRAMEWORK_SEARCH_PATHS = (
					"$(SDKROOT)/Developer/Library/Frameworks",
					"$(inherited)",
				);
				INFOPLIST_FILE = "Pirate AdventureTests/Info.plist";
				LD_RUNPATH_SEARCH_PATHS = "$(inherited) @executable_path/Frameworks @loader_path/Frameworks";
				PRODUCT_NAME = "$(TARGET_NAME)";
				TEST_HOST = "$(BUILT_PRODUCTS_DIR)/Pirate Adventure.app/Pirate Adventure";
			};
			name = Release;
		};
/* End XCBuildConfiguration section */

/* Begin XCConfigurationList section */
		26F734A119D1934B008281DD /* Build configuration list for PBXProject "Pirate Adventure" */ = {
			isa = XCConfigurationList;
			buildConfigurations = (
				26F734C719D1934B008281DD /* Debug */,
				26F734C819D1934B008281DD /* Release */,
			);
			defaultConfigurationIsVisible = 0;
			defaultConfigurationName = Release;
		};
		26F734C919D1934B008281DD /* Build configuration list for PBXNativeTarget "Pirate Adventure" */ = {
			isa = XCConfigurationList;
			buildConfigurations = (
				26F734CA19D1934B008281DD /* Debug */,
				26F734CB19D1934B008281DD /* Release */,
			);
			defaultConfigurationIsVisible = 0;
			defaultConfigurationName = Release;
		};
		26F734CC19D1934B008281DD /* Build configuration list for PBXNativeTarget "Pirate AdventureTests" */ = {
			isa = XCConfigurationList;
			buildConfigurations = (
				26F734CD19D1934B008281DD /* Debug */,
				26F734CE19D1934B008281DD /* Release */,
			);
			defaultConfigurationIsVisible = 0;
			defaultConfigurationName = Release;
		};
/* End XCConfigurationList section */
	};
	rootObject = 26F7349E19D1934B008281DD /* Project object */;
}
